
Microsoft Visual Studio Solution File, Format Version 12.00
# Visual Studio Version 17
VisualStudioVersion = 17.3.32825.248
MinimumVisualStudioVersion = 10.0.40219.1
Project("{FAE04EC0-301F-11D3-BF4B-00C04F79EFBC}") = "FMentorAPI.WebAPI", "FMetorAPI.WebbAPI\FMentorAPI.WebAPI.csproj", "{34830991-BE1C-421D-86A9-8FA7A7CEC72A}"
EndProject
Project("{FAE04EC0-301F-11D3-BF4B-00C04F79EFBC}") = "FMentorAPI.BusinessLogic", "FMentorAPI.BusinessLogic\FMentorAPI.BusinessLogic.csproj", "{9DAB33FB-3521-4CA3-801E-5EA41FE6ECC5}"
EndProject
Project("{FAE04EC0-301F-11D3-BF4B-00C04F79EFBC}") = "FMentorAPI.DataAccess", "FMentorAPI.DataAccess\FMentorAPI.DataAccess.csproj", "{C81473D0-0F00-49B3-AB6F-585A0D3D9449}"
EndProject
Global
	GlobalSection(SolutionConfigurationPlatforms) = preSolution
		Debug|Any CPU = Debug|Any CPU
		Release|Any CPU = Release|Any CPU
	EndGlobalSection
	GlobalSection(ProjectConfigurationPlatforms) = postSolution
		{34830991-BE1C-421D-86A9-8FA7A7CEC72A}.Debug|Any CPU.ActiveCfg = Debug|Any CPU
		{34830991-BE1C-421D-86A9-8FA7A7CEC72A}.Debug|Any CPU.Build.0 = Debug|Any CPU
		{34830991-BE1C-421D-86A9-8FA7A7CEC72A}.Release|Any CPU.ActiveCfg = Release|Any CPU
		{34830991-BE1C-421D-86A9-8FA7A7CEC72A}.Release|Any CPU.Build.0 = Release|Any CPU
		{9DAB33FB-3521-4CA3-801E-5EA41FE6ECC5}.Debug|Any CPU.ActiveCfg = Debug|Any CPU
		{9DAB33FB-3521-4CA3-801E-5EA41FE6ECC5}.Debug|Any CPU.Build.0 = Debug|Any CPU
		{9DAB33FB-3521-4CA3-801E-5EA41FE6ECC5}.Release|Any CPU.ActiveCfg = Release|Any CPU
		{9DAB33FB-3521-4CA3-801E-5EA41FE6ECC5}.Release|Any CPU.Build.0 = Release|Any CPU
		{C81473D0-0F00-49B3-AB6F-585A0D3D9449}.Debug|Any CPU.ActiveCfg = Debug|Any CPU
		{C81473D0-0F00-49B3-AB6F-585A0D3D9449}.Debug|Any CPU.Build.0 = Debug|Any CPU
		{C81473D0-0F00-49B3-AB6F-585A0D3D9449}.Release|Any CPU.ActiveCfg = Release|Any CPU
		{C81473D0-0F00-49B3-AB6F-585A0D3D9449}.Release|Any CPU.Build.0 = Release|Any CPU
	EndGlobalSection
	GlobalSection(SolutionProperties) = preSolution
		HideSolutionNode = FALSE
	EndGlobalSection
	GlobalSection(ExtensibilityGlobals) = postSolution
		SolutionGuid = {E8163083-E096-4228-A576-85E05B7127EA}
	EndGlobalSection
EndGlobal
